
Microsoft Visual Studio Solution File, Format Version 12.00
# Visual Studio Version 17
VisualStudioVersion = 17.3.32804.467
MinimumVisualStudioVersion = 10.0.40219.1
Project("{FAE04EC0-301F-11D3-BF4B-00C04F79EFBC}") = "tallerVectores15Puntos", "tallerVectores15Puntos.csproj", "{E2CCE52C-CAE3-4392-91F9-218CBB32A923}"
EndProject
Global
	GlobalSection(SolutionConfigurationPlatforms) = preSolution
		Debug|Any CPU = Debug|Any CPU
		Release|Any CPU = Release|Any CPU
	EndGlobalSection
	GlobalSection(ProjectConfigurationPlatforms) = postSolution
		{E2CCE52C-CAE3-4392-91F9-218CBB32A923}.Debug|Any CPU.ActiveCfg = Debug|Any CPU
		{E2CCE52C-CAE3-4392-91F9-218CBB32A923}.Debug|Any CPU.Build.0 = Debug|Any CPU
		{E2CCE52C-CAE3-4392-91F9-218CBB32A923}.Release|Any CPU.ActiveCfg = Release|Any CPU
		{E2CCE52C-CAE3-4392-91F9-218CBB32A923}.Release|Any CPU.Build.0 = Release|Any CPU
	EndGlobalSection
	GlobalSection(SolutionProperties) = preSolution
		HideSolutionNode = FALSE
	EndGlobalSection
	GlobalSection(ExtensibilityGlobals) = postSolution
		SolutionGuid = {FD9A67B6-D9A0-4BF5-8963-101CB0C77BCE}
	EndGlobalSection
EndGlobal
